
Microsoft Visual Studio Solution File, Format Version 11.00
# Visual C++ Express 2010
Project("{8BC9CEB8-8B4A-11D0-8D11-00A0C91BC942}") = "UberSiege", "UberSiege\UberSiege.vcxproj", "{6114A107-336D-48F8-A26D-CA2ED178FDDE}"
EndProject
Global
	GlobalSection(SolutionConfigurationPlatforms) = preSolution
		Debug|Win32 = Debug|Win32
		Release|Win32 = Release|Win32
	EndGlobalSection
	GlobalSection(ProjectConfigurationPlatforms) = postSolution
		{6114A107-336D-48F8-A26D-CA2ED178FDDE}.Debug|Win32.ActiveCfg = Debug|Win32
		{6114A107-336D-48F8-A26D-CA2ED178FDDE}.Debug|Win32.Build.0 = Debug|Win32
		{6114A107-336D-48F8-A26D-CA2ED178FDDE}.Release|Win32.ActiveCfg = Release|Win32
		{6114A107-336D-48F8-A26D-CA2ED178FDDE}.Release|Win32.Build.0 = Release|Win32
	EndGlobalSection
	GlobalSection(SolutionProperties) = preSolution
		HideSolutionNode = FALSE
	EndGlobalSection
EndGlobal
